
Microsoft Visual Studio Solution File, Format Version 12.00
# Visual Studio Version 16
VisualStudioVersion = 16.0.32413.511
MinimumVisualStudioVersion = 10.0.40219.1
Project("{FAE04EC0-301F-11D3-BF4B-00C04F79EFBC}") = "ClientApp", "src\ClientApp\ClientApp.csproj", "{B618DDD4-282E-41A2-83D5-C6C51C22BDBA}"
EndProject
Project("{FAE04EC0-301F-11D3-BF4B-00C04F79EFBC}") = "WcfService", "src\WcfService\WcfService.csproj", "{AE7363D1-509A-49F3-A239-485753CB13F5}"
EndProject
Global
	GlobalSection(SolutionConfigurationPlatforms) = preSolution
		Debug|Any CPU = Debug|Any CPU
		Release|Any CPU = Release|Any CPU
	EndGlobalSection
	GlobalSection(ProjectConfigurationPlatforms) = postSolution
		{90A3904A-168F-4857-9220-20A33AFF9642}.Debug|Any CPU.ActiveCfg = Debug|Any CPU
		{90A3904A-168F-4857-9220-20A33AFF9642}.Debug|Any CPU.Build.0 = Debug|Any CPU
		{90A3904A-168F-4857-9220-20A33AFF9642}.Release|Any CPU.ActiveCfg = Release|Any CPU
		{90A3904A-168F-4857-9220-20A33AFF9642}.Release|Any CPU.Build.0 = Release|Any CPU
		{B618DDD4-282E-41A2-83D5-C6C51C22BDBA}.Debug|Any CPU.ActiveCfg = Debug|Any CPU
		{B618DDD4-282E-41A2-83D5-C6C51C22BDBA}.Debug|Any CPU.Build.0 = Debug|Any CPU
		{B618DDD4-282E-41A2-83D5-C6C51C22BDBA}.Release|Any CPU.ActiveCfg = Release|Any CPU
		{B618DDD4-282E-41A2-83D5-C6C51C22BDBA}.Release|Any CPU.Build.0 = Release|Any CPU
		{AE7363D1-509A-49F3-A239-485753CB13F5}.Debug|Any CPU.ActiveCfg = Debug|Any CPU
		{AE7363D1-509A-49F3-A239-485753CB13F5}.Debug|Any CPU.Build.0 = Debug|Any CPU
		{AE7363D1-509A-49F3-A239-485753CB13F5}.Release|Any CPU.ActiveCfg = Release|Any CPU
		{AE7363D1-509A-49F3-A239-485753CB13F5}.Release|Any CPU.Build.0 = Release|Any CPU
	EndGlobalSection
	GlobalSection(SolutionProperties) = preSolution
		HideSolutionNode = FALSE
	EndGlobalSection
	GlobalSection(ExtensibilityGlobals) = postSolution
		SolutionGuid = {7C1B0445-EB87-4A9A-A2C1-B5B9CBD972B5}
	EndGlobalSection
EndGlobal
